{
  "lockfile_version": "1",
  "packages": {
    "dart-sass@latest": {
      "last_modified": "2025-02-07T11:26:36Z",
      "resolved": "github:NixOS/nixpkgs/d98abf5cf5914e5e4e9d57205e3af55ca90ffc1d#dart-sass",
      "source": "devbox-search",
      "version": "1.83.4",
      "systems": {
        "aarch64-darwin": {
          "outputs": [
            {
              "name": "out",
              "path": "/nix/store/1x7743dc4wiimx92px41dgg8qi8i52vm-dart-sass-1.83.4",
              "default": true
            },
            {
              "name": "pubcache",
              "path": "/nix/store/gd09jpm0dn9zjdzmxvf8ka90bjslq5sh-dart-sass-1.83.4-pubcache"
            }
          ],
          "store_path": "/nix/store/1x7743dc4wiimx92px41dgg8qi8i52vm-dart-sass-1.83.4"
        },
        "aarch64-linux": {
          "outputs": [
            {
              "name": "out",
              "path": "/nix/store/rbj541mj5azjs8zavbflh7awxg9aj44g-dart-sass-1.83.4",
              "default": true
            },
            {
              "name": "pubcache",
              "path": "/nix/store/gcrbdxki39b14gh5fvjc5pqlrwfmyzbq-dart-sass-1.83.4-pubcache"
            }
          ],
          "store_path": "/nix/store/rbj541mj5azjs8zavbflh7awxg9aj44g-dart-sass-1.83.4"
        },
        "x86_64-darwin": {
          "outputs": [
            {
              "name": "out",
              "path": "/nix/store/s4vza6xach0ia724z2dlrfzkwh4n2dbb-dart-sass-1.83.4",
              "default": true
            },
            {
              "name": "pubcache",
              "path": "/nix/store/hi8msk3592xb7w2xkbcff1nr814bqvdp-dart-sass-1.83.4-pubcache"
            }
          ],
          "store_path": "/nix/store/s4vza6xach0ia724z2dlrfzkwh4n2dbb-dart-sass-1.83.4"
        },
        "x86_64-linux": {
          "outputs": [
            {
              "name": "out",
              "path": "/nix/store/dy1419lys8b5sahhf4wx4cr9i0dqd4nj-dart-sass-1.83.4",
              "default": true
            },
            {
              "name": "pubcache",
              "path": "/nix/store/mwf5xlbdpm2qvlqp6kv4k20mnim3vfpa-dart-sass-1.83.4-pubcache"
            }
          ],
          "store_path": "/nix/store/dy1419lys8b5sahhf4wx4cr9i0dqd4nj-dart-sass-1.83.4"
        }
      }
    },
    "hugo@latest": {
      "last_modified": "2025-02-07T11:26:36Z",
      "resolved": "github:NixOS/nixpkgs/d98abf5cf5914e5e4e9d57205e3af55ca90ffc1d#hugo",
      "source": "devbox-search",
      "version": "0.143.0",
      "systems": {
        "aarch64-darwin": {
          "outputs": [
            {
              "name": "out",
              "path": "/nix/store/6j6py1jcp5n2sh1p3ksskhjc33vjyga9-hugo-0.143.0",
              "default": true
            }
          ],
          "store_path": "/nix/store/6j6py1jcp5n2sh1p3ksskhjc33vjyga9-hugo-0.143.0"
        },
        "aarch64-linux": {
          "outputs": [
            {
              "name": "out",
              "path": "/nix/store/h22mcig2r7y1az488nncnpskal07csl9-hugo-0.143.0",
              "default": true
            }
          ],
          "store_path": "/nix/store/h22mcig2r7y1az488nncnpskal07csl9-hugo-0.143.0"
        },
        "x86_64-darwin": {
          "outputs": [
            {
              "name": "out",
              "path": "/nix/store/kly0866bbxhd16k6acjkqxw5ngh6i0ws-hugo-0.143.0",
              "default": true
            }
          ],
          "store_path": "/nix/store/kly0866bbxhd16k6acjkqxw5ngh6i0ws-hugo-0.143.0"
        },
        "x86_64-linux": {
          "outputs": [
            {
              "name": "out",
              "path": "/nix/store/vn0sn422kq2d87g06x20dg4y6fm76r9l-hugo-0.143.0",
              "default": true
            }
          ],
          "store_path": "/nix/store/vn0sn422kq2d87g06x20dg4y6fm76r9l-hugo-0.143.0"
        }
      }
    }
  }
}
